
Microsoft Visual Studio Solution File, Format Version 12.00
# Visual Studio Version 16
VisualStudioVersion = 16.0.30011.22
MinimumVisualStudioVersion = 10.0.40219.1
Project("{FAE04EC0-301F-11D3-BF4B-00C04F79EFBC}") = "SortingVisualizer", "SortingVisualizer.csproj", "{61471D34-69BC-4E79-A552-819EF632C7A8}"
EndProject
Global
	GlobalSection(SolutionConfigurationPlatforms) = preSolution
		Debug|Any CPU = Debug|Any CPU
		Release|Any CPU = Release|Any CPU
	EndGlobalSection
	GlobalSection(ProjectConfigurationPlatforms) = postSolution
		{61471D34-69BC-4E79-A552-819EF632C7A8}.Debug|Any CPU.ActiveCfg = Debug|Any CPU
		{61471D34-69BC-4E79-A552-819EF632C7A8}.Debug|Any CPU.Build.0 = Debug|Any CPU
		{61471D34-69BC-4E79-A552-819EF632C7A8}.Release|Any CPU.ActiveCfg = Release|Any CPU
		{61471D34-69BC-4E79-A552-819EF632C7A8}.Release|Any CPU.Build.0 = Release|Any CPU
	EndGlobalSection
	GlobalSection(SolutionProperties) = preSolution
		HideSolutionNode = FALSE
	EndGlobalSection
	GlobalSection(ExtensibilityGlobals) = postSolution
		SolutionGuid = {E8DC9EB5-E401-4585-B9E9-7DCA1E65E949}
	EndGlobalSection
EndGlobal
